
Microsoft Visual Studio Solution File, Format Version 12.00
# Visual Studio Version 17
VisualStudioVersion = 17.7.33808.371
MinimumVisualStudioVersion = 10.0.40219.1
Project("{FAE04EC0-301F-11D3-BF4B-00C04F79EFBC}") = "Dolphin_Book", "Dolphin_Book\Dolphin_Book.csproj", "{5CFD6F87-B084-480A-8F4B-B98A8447AD77}"
EndProject
Project("{FAE04EC0-301F-11D3-BF4B-00C04F79EFBC}") = "Dolphin_Book.Core", "Dolphin_Book.Core\Dolphin_Book.Core.csproj", "{E368B9A4-EE5B-4A5B-A518-3CBE39205466}"
EndProject
Project("{FAE04EC0-301F-11D3-BF4B-00C04F79EFBC}") = "Dolphin_Book.Data", "Dolphin_Book.Data\Dolphin_Book.Data.csproj", "{C0EB0499-3F22-4CB1-AF6B-560E735E3529}"
EndProject
Project("{FAE04EC0-301F-11D3-BF4B-00C04F79EFBC}") = "Dolphin_Book.Service", "Dolphin_Book.Service\Dolphin_Book.Service.csproj", "{22952BDE-F1B6-4049-88BD-82793467329E}"
EndProject
Global
	GlobalSection(SolutionConfigurationPlatforms) = preSolution
		Debug|Any CPU = Debug|Any CPU
		Release|Any CPU = Release|Any CPU
	EndGlobalSection
	GlobalSection(ProjectConfigurationPlatforms) = postSolution
		{5CFD6F87-B084-480A-8F4B-B98A8447AD77}.Debug|Any CPU.ActiveCfg = Debug|Any CPU
		{5CFD6F87-B084-480A-8F4B-B98A8447AD77}.Debug|Any CPU.Build.0 = Debug|Any CPU
		{5CFD6F87-B084-480A-8F4B-B98A8447AD77}.Release|Any CPU.ActiveCfg = Release|Any CPU
		{5CFD6F87-B084-480A-8F4B-B98A8447AD77}.Release|Any CPU.Build.0 = Release|Any CPU
		{E368B9A4-EE5B-4A5B-A518-3CBE39205466}.Debug|Any CPU.ActiveCfg = Debug|Any CPU
		{E368B9A4-EE5B-4A5B-A518-3CBE39205466}.Debug|Any CPU.Build.0 = Debug|Any CPU
		{E368B9A4-EE5B-4A5B-A518-3CBE39205466}.Release|Any CPU.ActiveCfg = Release|Any CPU
		{E368B9A4-EE5B-4A5B-A518-3CBE39205466}.Release|Any CPU.Build.0 = Release|Any CPU
		{C0EB0499-3F22-4CB1-AF6B-560E735E3529}.Debug|Any CPU.ActiveCfg = Debug|Any CPU
		{C0EB0499-3F22-4CB1-AF6B-560E735E3529}.Debug|Any CPU.Build.0 = Debug|Any CPU
		{C0EB0499-3F22-4CB1-AF6B-560E735E3529}.Release|Any CPU.ActiveCfg = Release|Any CPU
		{C0EB0499-3F22-4CB1-AF6B-560E735E3529}.Release|Any CPU.Build.0 = Release|Any CPU
		{22952BDE-F1B6-4049-88BD-82793467329E}.Debug|Any CPU.ActiveCfg = Debug|Any CPU
		{22952BDE-F1B6-4049-88BD-82793467329E}.Debug|Any CPU.Build.0 = Debug|Any CPU
		{22952BDE-F1B6-4049-88BD-82793467329E}.Release|Any CPU.ActiveCfg = Release|Any CPU
		{22952BDE-F1B6-4049-88BD-82793467329E}.Release|Any CPU.Build.0 = Release|Any CPU
	EndGlobalSection
	GlobalSection(SolutionProperties) = preSolution
		HideSolutionNode = FALSE
	EndGlobalSection
	GlobalSection(ExtensibilityGlobals) = postSolution
		SolutionGuid = {D1EBBE31-54B3-4061-ACDE-943C2D11503A}
	EndGlobalSection
EndGlobal
